
Microsoft Visual Studio Solution File, Format Version 12.00
# Visual Studio Version 16
VisualStudioVersion = 16.0.31624.102
MinimumVisualStudioVersion = 10.0.40219.1
Project("{8BC9CEB8-8B4A-11D0-8D11-00A0C91BC942}") = "Lab1(basic)", "Lab1(basic)\Lab1(basic).vcxproj", "{B80EA6E2-6E17-4F97-965A-D3192A081641}"
EndProject
Project("{8BC9CEB8-8B4A-11D0-8D11-00A0C91BC942}") = "Lab1(modified)", "Lab1(modified)\Lab1(modified).vcxproj", "{34558B0E-A3D0-4641-BA94-4CC823528E53}"
EndProject
Global
	GlobalSection(SolutionConfigurationPlatforms) = preSolution
		Debug|x64 = Debug|x64
		Debug|x86 = Debug|x86
		Release|x64 = Release|x64
		Release|x86 = Release|x86
	EndGlobalSection
	GlobalSection(ProjectConfigurationPlatforms) = postSolution
		{B80EA6E2-6E17-4F97-965A-D3192A081641}.Debug|x64.ActiveCfg = Debug|x64
		{B80EA6E2-6E17-4F97-965A-D3192A081641}.Debug|x64.Build.0 = Debug|x64
		{B80EA6E2-6E17-4F97-965A-D3192A081641}.Debug|x86.ActiveCfg = Debug|Win32
		{B80EA6E2-6E17-4F97-965A-D3192A081641}.Debug|x86.Build.0 = Debug|Win32
		{B80EA6E2-6E17-4F97-965A-D3192A081641}.Release|x64.ActiveCfg = Release|x64
		{B80EA6E2-6E17-4F97-965A-D3192A081641}.Release|x64.Build.0 = Release|x64
		{B80EA6E2-6E17-4F97-965A-D3192A081641}.Release|x86.ActiveCfg = Release|Win32
		{B80EA6E2-6E17-4F97-965A-D3192A081641}.Release|x86.Build.0 = Release|Win32
		{34558B0E-A3D0-4641-BA94-4CC823528E53}.Debug|x64.ActiveCfg = Debug|x64
		{34558B0E-A3D0-4641-BA94-4CC823528E53}.Debug|x64.Build.0 = Debug|x64
		{34558B0E-A3D0-4641-BA94-4CC823528E53}.Debug|x86.ActiveCfg = Debug|Win32
		{34558B0E-A3D0-4641-BA94-4CC823528E53}.Debug|x86.Build.0 = Debug|Win32
		{34558B0E-A3D0-4641-BA94-4CC823528E53}.Release|x64.ActiveCfg = Release|x64
		{34558B0E-A3D0-4641-BA94-4CC823528E53}.Release|x64.Build.0 = Release|x64
		{34558B0E-A3D0-4641-BA94-4CC823528E53}.Release|x86.ActiveCfg = Release|Win32
		{34558B0E-A3D0-4641-BA94-4CC823528E53}.Release|x86.Build.0 = Release|Win32
	EndGlobalSection
	GlobalSection(SolutionProperties) = preSolution
		HideSolutionNode = FALSE
	EndGlobalSection
	GlobalSection(ExtensibilityGlobals) = postSolution
		SolutionGuid = {BA8C3CA6-9F47-47BE-9723-12282685376F}
	EndGlobalSection
EndGlobal
